// !$*UTF8*$!
{
	archiveVersion = 1;
	classes = {
	};
	objectVersion = 46;
	objects = {

/* Begin PBXBuildFile section */
		804295C51EA43D22003C17F9 /* main.m in Sources */ = {isa = PBXBuildFile; fileRef = 804295C41EA43D22003C17F9 /* main.m */; };
		804295C81EA43D22003C17F9 /* AppDelegate.m in Sources */ = {isa = PBXBuildFile; fileRef = 804295C71EA43D22003C17F9 /* AppDelegate.m */; };
		804295CE1EA43D22003C17F9 /* Main.storyboard in Resources */ = {isa = PBXBuildFile; fileRef = 804295CC1EA43D22003C17F9 /* Main.storyboard */; };
		804295D11EA43D22003C17F9 /* UserLogin.xcdatamodeld in Sources */ = {isa = PBXBuildFile; fileRef = 804295CF1EA43D22003C17F9 /* UserLogin.xcdatamodeld */; };
		804295D31EA43D22003C17F9 /* Assets.xcassets in Resources */ = {isa = PBXBuildFile; fileRef = 804295D21EA43D22003C17F9 /* Assets.xcassets */; };
		804295D61EA43D22003C17F9 /* LaunchScreen.storyboard in Resources */ = {isa = PBXBuildFile; fileRef = 804295D41EA43D22003C17F9 /* LaunchScreen.storyboard */; };
		804295DF1EA43E6A003C17F9 /* UserLoginViewController.m in Sources */ = {isa = PBXBuildFile; fileRef = 804295DE1EA43E6A003C17F9 /* UserLoginViewController.m */; };
		804295E21EA47DAA003C17F9 /* LoggedIn.m in Sources */ = {isa = PBXBuildFile; fileRef = 804295E11EA47DAA003C17F9 /* LoggedIn.m */; };
/* End PBXBuildFile section */

/* Begin PBXFileReference section */
		804295C01EA43D22003C17F9 /* UserLogin.app */ = {isa = PBXFileReference; explicitFileType = wrapper.application; includeInIndex = 0; path = UserLogin.app; sourceTree = BUILT_PRODUCTS_DIR; };
		804295C41EA43D22003C17F9 /* main.m */ = {isa = PBXFileReference; lastKnownFileType = sourcecode.c.objc; path = main.m; sourceTree = "<group>"; };
		804295C61EA43D22003C17F9 /* AppDelegate.h */ = {isa = PBXFileReference; lastKnownFileType = sourcecode.c.h; path = AppDelegate.h; sourceTree = "<group>"; };
		804295C71EA43D22003C17F9 /* AppDelegate.m */ = {isa = PBXFileReference; lastKnownFileType = sourcecode.c.objc; path = AppDelegate.m; sourceTree = "<group>"; };
		804295CD1EA43D22003C17F9 /* Base */ = {isa = PBXFileReference; lastKnownFileType = file.storyboard; name = Base; path = Base.lproj/Main.storyboard; sourceTree = "<group>"; };
		804295D01EA43D22003C17F9 /* UserLogin.xcdatamodel */ = {isa = PBXFileReference; lastKnownFileType = wrapper.xcdatamodel; path = UserLogin.xcdatamodel; sourceTree = "<group>"; };
		804295D21EA43D22003C17F9 /* Assets.xcassets */ = {isa = PBXFileReference; lastKnownFileType = folder.assetcatalog; path = Assets.xcassets; sourceTree = "<group>"; };
		804295D51EA43D22003C17F9 /* Base */ = {isa = PBXFileReference; lastKnownFileType = file.storyboard; name = Base; path = Base.lproj/LaunchScreen.storyboard; sourceTree = "<group>"; };
		804295D71EA43D22003C17F9 /* Info.plist */ = {isa = PBXFileReference; lastKnownFileType = text.plist.xml; path = Info.plist; sourceTree = "<group>"; };
		804295DD1EA43E6A003C17F9 /* UserLoginViewController.h */ = {isa = PBXFileReference; fileEncoding = 4; lastKnownFileType = sourcecode.c.h; path = UserLoginViewController.h; sourceTree = "<group>"; };
		804295DE1EA43E6A003C17F9 /* UserLoginViewController.m */ = {isa = PBXFileReference; fileEncoding = 4; lastKnownFileType = sourcecode.c.objc; path = UserLoginViewController.m; sourceTree = "<group>"; };
		804295E01EA47DAA003C17F9 /* LoggedIn.h */ = {isa = PBXFileReference; fileEncoding = 4; lastKnownFileType = sourcecode.c.h; path = LoggedIn.h; sourceTree = "<group>"; };
		804295E11EA47DAA003C17F9 /* LoggedIn.m */ = {isa = PBXFileReference; fileEncoding = 4; lastKnownFileType = sourcecode.c.objc; path = LoggedIn.m; sourceTree = "<group>"; };
/* End PBXFileReference section */

/* Begin PBXFrameworksBuildPhase section */
		804295BD1EA43D22003C17F9 /* Frameworks */ = {
			isa = PBXFrameworksBuildPhase;
			buildActionMask = 2147483647;
			files = (
			);
			runOnlyForDeploymentPostprocessing = 0;
		};
/* End PBXFrameworksBuildPhase section */

/* Begin PBXGroup section */
		804295B71EA43D22003C17F9 = {
			isa = PBXGroup;
			children = (
				804295C21EA43D22003C17F9 /* UserLogin */,
				804295C11EA43D22003C17F9 /* Products */,
			);
			sourceTree = "<group>";
		};
		804295C11EA43D22003C17F9 /* Products */ = {
			isa = PBXGroup;
			children = (
				804295C01EA43D22003C17F9 /* UserLogin.app */,
			);
			name = Products;
			sourceTree = "<group>";
		};
		804295C21EA43D22003C17F9 /* UserLogin */ = {
			isa = PBXGroup;
			children = (
				804295C61EA43D22003C17F9 /* AppDelegate.h */,
				804295C71EA43D22003C17F9 /* AppDelegate.m */,
				804295DD1EA43E6A003C17F9 /* UserLoginViewController.h */,
				804295DE1EA43E6A003C17F9 /* UserLoginViewController.m */,
				804295CC1EA43D22003C17F9 /* Main.storyboard */,
				804295D21EA43D22003C17F9 /* Assets.xcassets */,
				804295D41EA43D22003C17F9 /* LaunchScreen.storyboard */,
				804295D71EA43D22003C17F9 /* Info.plist */,
				804295CF1EA43D22003C17F9 /* UserLogin.xcdatamodeld */,
				804295C31EA43D22003C17F9 /* Supporting Files */,
				804295E01EA47DAA003C17F9 /* LoggedIn.h */,
				804295E11EA47DAA003C17F9 /* LoggedIn.m */,
			);
			path = UserLogin;
			sourceTree = "<group>";
		};
		804295C31EA43D22003C17F9 /* Supporting Files */ = {
			isa = PBXGroup;
			children = (
				804295C41EA43D22003C17F9 /* main.m */,
			);
			name = "Supporting Files";
			sourceTree = "<group>";
		};
/* End PBXGroup section */

/* Begin PBXNativeTarget section */
		804295BF1EA43D22003C17F9 /* UserLogin */ = {
			isa = PBXNativeTarget;
			buildConfigurationList = 804295DA1EA43D22003C17F9 /* Build configuration list for PBXNativeTarget "UserLogin" */;
			buildPhases = (
				804295BC1EA43D22003C17F9 /* Sources */,
				804295BD1EA43D22003C17F9 /* Frameworks */,
				804295BE1EA43D22003C17F9 /* Resources */,
			);
			buildRules = (
			);
			dependencies = (
			);
			name = UserLogin;
			productName = UserLogin;
			productReference = 804295C01EA43D22003C17F9 /* UserLogin.app */;
			productType = "com.apple.product-type.application";
		};
/* End PBXNativeTarget section */

/* Begin PBXProject section */
		804295B81EA43D22003C17F9 /* Project object */ = {
			isa = PBXProject;
			attributes = {
				LastUpgradeCheck = 0820;
				ORGANIZATIONNAME = "Madhu Mahat";
				TargetAttributes = {
					804295BF1EA43D22003C17F9 = {
						CreatedOnToolsVersion = 8.2.1;
						ProvisioningStyle = Automatic;
					};
				};
			};
			buildConfigurationList = 804295BB1EA43D22003C17F9 /* Build configuration list for PBXProject "UserLogin" */;
			compatibilityVersion = "Xcode 3.2";
			developmentRegion = English;
			hasScannedForEncodings = 0;
			knownRegions = (
				en,
				Base,
			);
			mainGroup = 804295B71EA43D22003C17F9;
			productRefGroup = 804295C11EA43D22003C17F9 /* Products */;
			projectDirPath = "";
			projectRoot = "";
			targets = (
				804295BF1EA43D22003C17F9 /* UserLogin */,
			);
		};
/* End PBXProject section */

/* Begin PBXResourcesBuildPhase section */
		804295BE1EA43D22003C17F9 /* Resources */ = {
			isa = PBXResourcesBuildPhase;
			buildActionMask = 2147483647;
			files = (
				804295D61EA43D22003C17F9 /* LaunchScreen.storyboard in Resources */,
				804295D31EA43D22003C17F9 /* Assets.xcassets in Resources */,
				804295CE1EA43D22003C17F9 /* Main.storyboard in Resources */,
			);
			runOnlyForDeploymentPostprocessing = 0;
		};
/* End PBXResourcesBuildPhase section */

/* Begin PBXSourcesBuildPhase section */
		804295BC1EA43D22003C17F9 /* Sources */ = {
			isa = PBXSourcesBuildPhase;
			buildActionMask = 2147483647;
			files = (
				804295C81EA43D22003C17F9 /* AppDelegate.m in Sources */,
				804295E21EA47DAA003C17F9 /* LoggedIn.m in Sources */,
				804295D11EA43D22003C17F9 /* UserLogin.xcdatamodeld in Sources */,
				804295C51EA43D22003C17F9 /* main.m in Sources */,
				804295DF1EA43E6A003C17F9 /* UserLoginViewController.m in Sources */,
			);
			runOnlyForDeploymentPostprocessing = 0;
		};
/* End PBXSourcesBuildPhase section */

/* Begin PBXVariantGroup section */
		804295CC1EA43D22003C17F9 /* Main.storyboard */ = {
			isa = PBXVariantGroup;
			children = (
				804295CD1EA43D22003C17F9 /* Base */,
			);
			name = Main.storyboard;
			sourceTree = "<group>";
		};
		804295D41EA43D22003C17F9 /* LaunchScreen.storyboard */ = {
			isa = PBXVariantGroup;
			children = (
				804295D51EA43D22003C17F9 /* Base */,
			);
			name = LaunchScreen.storyboard;
			sourceTree = "<group>";
		};
/* End PBXVariantGroup section */

/* Begin XCBuildConfiguration section */
		804295D81EA43D22003C17F9 /* Debug */ = {
			isa = XCBuildConfiguration;
			buildSettings = {
				ALWAYS_SEARCH_USER_PATHS = NO;
				CLANG_ANALYZER_NONNULL = YES;
				CLANG_CXX_LANGUAGE_STANDARD = "gnu++0x";
				CLANG_CXX_LIBRARY = "libc++";
				CLANG_ENABLE_MODULES = YES;
				CLANG_ENABLE_OBJC_ARC = YES;
				CLANG_WARN_BOOL_CONVERSION = YES;
				CLANG_WARN_CONSTANT_CONVERSION = YES;
				CLANG_WARN_DIRECT_OBJC_ISA_USAGE = YES_ERROR;
				CLANG_WARN_DOCUMENTATION_COMMENTS = YES;
				CLANG_WARN_EMPTY_BODY = YES;
				CLANG_WARN_ENUM_CONVERSION = YES;
				CLANG_WARN_INFINITE_RECURSION = YES;
				CLANG_WARN_INT_CONVERSION = YES;
				CLANG_WARN_OBJC_ROOT_CLASS = YES_ERROR;
				CLANG_WARN_SUSPICIOUS_MOVE = YES;
				CLANG_WARN_UNREACHABLE_CODE = YES;
				CLANG_WARN__DUPLICATE_METHOD_MATCH = YES;
				"CODE_SIGN_IDENTITY[sdk=iphoneos*]" = "iPhone Developer";
				COPY_PHASE_STRIP = NO;
				DEBUG_INFORMATION_FORMAT = dwarf;
				ENABLE_STRICT_OBJC_MSGSEND = YES;
				ENABLE_TESTABILITY = YES;
				GCC_C_LANGUAGE_STANDARD = gnu99;
				GCC_DYNAMIC_NO_PIC = NO;
				GCC_NO_COMMON_BLOCKS = YES;
				GCC_OPTIMIZATION_LEVEL = 0;
				GCC_PREPROCESSOR_DEFINITIONS = (
					"DEBUG=1",
					"$(inherited)",
				);
				GCC_WARN_64_TO_32_BIT_CONVERSION = YES;
				GCC_WARN_ABOUT_RETURN_TYPE = YES_ERROR;
				GCC_WARN_UNDECLARED_SELECTOR = YES;
				GCC_WARN_UNINITIALIZED_AUTOS = YES_AGGRESSIVE;
				GCC_WARN_UNUSED_FUNCTION = YES;
				GCC_WARN_UNUSED_VARIABLE = YES;
				IPHONEOS_DEPLOYMENT_TARGET = 10.2;
				MTL_ENABLE_DEBUG_INFO = YES;
				ONLY_ACTIVE_ARCH = YES;
				SDKROOT = iphoneos;
			};
			name = Debug;
		};
		804295D91EA43D22003C17F9 /* Release */ = {
			isa = XCBuildConfiguration;
			buildSettings = {
				ALWAYS_SEARCH_USER_PATHS = NO;
				CLANG_ANALYZER_NONNULL = YES;
				CLANG_CXX_LANGUAGE_STANDARD = "gnu++0x";
				CLANG_CXX_LIBRARY = "libc++";
				CLANG_ENABLE_MODULES = YES;
				CLANG_ENABLE_OBJC_ARC = YES;
				CLANG_WARN_BOOL_CONVERSION = YES;
				CLANG_WARN_CONSTANT_CONVERSION = YES;
				CLANG_WARN_DIRECT_OBJC_ISA_USAGE = YES_ERROR;
				CLANG_WARN_DOCUMENTATION_COMMENTS = YES;
				CLANG_WARN_EMPTY_BODY = YES;
				CLANG_WARN_ENUM_CONVERSION = YES;
				CLANG_WARN_INFINITE_RECURSION = YES;
				CLANG_WARN_INT_CONVERSION = YES;
				CLANG_WARN_OBJC_ROOT_CLASS = YES_ERROR;
				CLANG_WARN_SUSPICIOUS_MOVE = YES;
				CLANG_WARN_UNREACHABLE_CODE = YES;
				CLANG_WARN__DUPLICATE_METHOD_MATCH = YES;
				"CODE_SIGN_IDENTITY[sdk=iphoneos*]" = "iPhone Developer";
				COPY_PHASE_STRIP = NO;
				DEBUG_INFORMATION_FORMAT = "dwarf-with-dsym";
				ENABLE_NS_ASSERTIONS = NO;
				ENABLE_STRICT_OBJC_MSGSEND = YES;
				GCC_C_LANGUAGE_STANDARD = gnu99;
				GCC_NO_COMMON_BLOCKS = YES;
				GCC_WARN_64_TO_32_BIT_CONVERSION = YES;
				GCC_WARN_ABOUT_RETURN_TYPE = YES_ERROR;
				GCC_WARN_UNDECLARED_SELECTOR = YES;
				GCC_WARN_UNINITIALIZED_AUTOS = YES_AGGRESSIVE;
				GCC_WARN_UNUSED_FUNCTION = YES;
				GCC_WARN_UNUSED_VARIABLE = YES;
				IPHONEOS_DEPLOYMENT_TARGET = 10.2;
				MTL_ENABLE_DEBUG_INFO = NO;
				SDKROOT = iphoneos;
				VALIDATE_PRODUCT = YES;
			};
			name = Release;
		};
		804295DB1EA43D22003C17F9 /* Debug */ = {
			isa = XCBuildConfiguration;
			buildSettings = {
				ASSETCATALOG_COMPILER_APPICON_NAME = AppIcon;
				INFOPLIST_FILE = UserLogin/Info.plist;
				LD_RUNPATH_SEARCH_PATHS = "$(inherited) @executable_path/Frameworks";
				PRODUCT_BUNDLE_IDENTIFIER = com.madhu.UserLogin;
				PRODUCT_NAME = "$(TARGET_NAME)";
			};
			name = Debug;
		};
		804295DC1EA43D22003C17F9 /* Release */ = {
			isa = XCBuildConfiguration;
			buildSettings = {
				ASSETCATALOG_COMPILER_APPICON_NAME = AppIcon;
				INFOPLIST_FILE = UserLogin/Info.plist;
				LD_RUNPATH_SEARCH_PATHS = "$(inherited) @executable_path/Frameworks";
				PRODUCT_BUNDLE_IDENTIFIER = com.madhu.UserLogin;
				PRODUCT_NAME = "$(TARGET_NAME)";
			};
			name = Release;
		};
/* End XCBuildConfiguration section */

/* Begin XCConfigurationList section */
		804295BB1EA43D22003C17F9 /* Build configuration list for PBXProject "UserLogin" */ = {
			isa = XCConfigurationList;
			buildConfigurations = (
				804295D81EA43D22003C17F9 /* Debug */,
				804295D91EA43D22003C17F9 /* Release */,
			);
			defaultConfigurationIsVisible = 0;
			defaultConfigurationName = Release;
		};
		804295DA1EA43D22003C17F9 /* Build configuration list for PBXNativeTarget "UserLogin" */ = {
			isa = XCConfigurationList;
			buildConfigurations = (
				804295DB1EA43D22003C17F9 /* Debug */,
				804295DC1EA43D22003C17F9 /* Release */,
			);
			defaultConfigurationIsVisible = 0;
		};
/* End XCConfigurationList section */

/* Begin XCVersionGroup section */
		804295CF1EA43D22003C17F9 /* UserLogin.xcdatamodeld */ = {
			isa = XCVersionGroup;
			children = (
				804295D01EA43D22003C17F9 /* UserLogin.xcdatamodel */,
			);
			currentVersion = 804295D01EA43D22003C17F9 /* UserLogin.xcdatamodel */;
			path = UserLogin.xcdatamodeld;
			sourceTree = "<group>";
			versionGroupType = wrapper.xcdatamodel;
		};
/* End XCVersionGroup section */
	};
	rootObject = 804295B81EA43D22003C17F9 /* Project object */;
}
